
Microsoft Visual Studio Solution File, Format Version 12.00
# Visual Studio 15
VisualStudioVersion = 15.0.26228.9
MinimumVisualStudioVersion = 10.0.40219.1
Project("{2150E333-8FDC-42A3-9474-1A3956D46DE8}") = "Samples", "Samples", "{90EC7C49-1AA8-4FC1-80B9-5EDE797B6E38}"
EndProject
Project("{FAE04EC0-301F-11D3-BF4B-00C04F79EFBC}") = "Servernet", "src\Servernet\Servernet.csproj", "{2B318CD1-6381-4FD9-A140-2937BCB94777}"
EndProject
Project("{FAE04EC0-301F-11D3-BF4B-00C04F79EFBC}") = "TableScanFunction", "samples\TableScanFunction\TableScanFunction.csproj", "{827F542C-4CB9-4C20-A730-ACF2DE6534EC}"
EndProject
Global
	GlobalSection(SolutionConfigurationPlatforms) = preSolution
		Debug|Any CPU = Debug|Any CPU
		Release|Any CPU = Release|Any CPU
	EndGlobalSection
	GlobalSection(ProjectConfigurationPlatforms) = postSolution
		{2B318CD1-6381-4FD9-A140-2937BCB94777}.Debug|Any CPU.ActiveCfg = Debug|Any CPU
		{2B318CD1-6381-4FD9-A140-2937BCB94777}.Debug|Any CPU.Build.0 = Debug|Any CPU
		{2B318CD1-6381-4FD9-A140-2937BCB94777}.Release|Any CPU.ActiveCfg = Release|Any CPU
		{2B318CD1-6381-4FD9-A140-2937BCB94777}.Release|Any CPU.Build.0 = Release|Any CPU
		{827F542C-4CB9-4C20-A730-ACF2DE6534EC}.Debug|Any CPU.ActiveCfg = Debug|Any CPU
		{827F542C-4CB9-4C20-A730-ACF2DE6534EC}.Debug|Any CPU.Build.0 = Debug|Any CPU
		{827F542C-4CB9-4C20-A730-ACF2DE6534EC}.Release|Any CPU.ActiveCfg = Release|Any CPU
		{827F542C-4CB9-4C20-A730-ACF2DE6534EC}.Release|Any CPU.Build.0 = Release|Any CPU
	EndGlobalSection
	GlobalSection(SolutionProperties) = preSolution
		HideSolutionNode = FALSE
	EndGlobalSection
	GlobalSection(NestedProjects) = preSolution
		{827F542C-4CB9-4C20-A730-ACF2DE6534EC} = {90EC7C49-1AA8-4FC1-80B9-5EDE797B6E38}
	EndGlobalSection
EndGlobal
